
Microsoft Visual Studio Solution File, Format Version 12.00
# Visual Studio 15
VisualStudioVersion = 15.0.28307.645
MinimumVisualStudioVersion = 10.0.40219.1
Project("{9A19103F-16F7-4668-BE54-9A1E7A4F7556}") = "CodeMinion.Core", "src\CodeMinion.Core\CodeMinion.Core.csproj", "{574D0EF6-E79F-448E-BFB3-B323DD1E30C7}"
EndProject
Project("{9A19103F-16F7-4668-BE54-9A1E7A4F7556}") = "Torch.ApiGenerator", "src\Torch.ApiGenerator\Torch.ApiGenerator.csproj", "{AB5CDD15-9B40-4635-B97C-98B95D5BB31F}"
EndProject
Project("{9A19103F-16F7-4668-BE54-9A1E7A4F7556}") = "Torch", "src\Torch\Torch.csproj", "{CA25729A-1201-46B6-AEB8-62C9092AFA49}"
EndProject
Project("{9A19103F-16F7-4668-BE54-9A1E7A4F7556}") = "Numpy", "src\Numpy\Numpy.csproj", "{D527C885-AD64-4499-9E92-F9A543C0D14B}"
EndProject
Project("{9A19103F-16F7-4668-BE54-9A1E7A4F7556}") = "Numpy.ApiGenerator", "src\Numpy.ApiGenerator\Numpy.ApiGenerator.csproj", "{413C9CA7-B970-4DEB-AD48-0095F05F24F1}"
EndProject
Project("{9A19103F-16F7-4668-BE54-9A1E7A4F7556}") = "CodeMinion.Parser", "src\CodeMinion.DocsParser\CodeMinion.Parser.csproj", "{63E968F8-628A-49B4-AA99-1DC4C542F264}"
EndProject
Project("{9A19103F-16F7-4668-BE54-9A1E7A4F7556}") = "Python.Runtime", "..\pythonnet\src\runtime\Python.Runtime.csproj", "{45CAF477-88B7-4539-919E-0DF5AE2AF08A}"
EndProject
Project("{9A19103F-16F7-4668-BE54-9A1E7A4F7556}") = "Torch.UnitTest", "test\Torch.UnitTest\Torch.UnitTest.csproj", "{AE171FDA-E664-4C11-9A46-853D654AE896}"
EndProject
Project("{9A19103F-16F7-4668-BE54-9A1E7A4F7556}") = "Numpy.UnitTest", "test\Numpy.UnitTest\Numpy.UnitTest.csproj", "{1B69F24E-8C60-421D-B11B-5306ED7A060E}"
EndProject
Project("{9A19103F-16F7-4668-BE54-9A1E7A4F7556}") = "PillowSharp", "src\PillowSharp\PillowSharp.csproj", "{1AEEF5FF-A54D-4682-8939-201650C868C0}"
EndProject
Project("{9A19103F-16F7-4668-BE54-9A1E7A4F7556}") = "PillowSharp.ApiGenerator", "src\PillowSharp.ApiGenerator\PillowSharp.ApiGenerator.csproj", "{E41F052F-3DF5-4F87-A2F2-D828F637F66C}"
EndProject
Project("{9A19103F-16F7-4668-BE54-9A1E7A4F7556}") = "Python.Included", "src\Python.Included\Python.Included.csproj", "{DC34753D-B934-4376-843C-C4721C3507E9}"
EndProject
Project("{9A19103F-16F7-4668-BE54-9A1E7A4F7556}") = "Numpy.Bare", "src\Numpy.Bare\Numpy.Bare.csproj", "{28BE456B-7715-4824-AF6D-A9004EC33EA9}"
EndProject
Project("{9A19103F-16F7-4668-BE54-9A1E7A4F7556}") = "Numpy.Bare.UnitTest", "test\Numpy.UnitTest\Numpy.Bare.UnitTest.csproj", "{DFD075FA-DEDC-4446-BA9D-78899E1DF8FC}"
EndProject
Global
	GlobalSection(SolutionConfigurationPlatforms) = preSolution
		Debug|Any CPU = Debug|Any CPU
		Release|Any CPU = Release|Any CPU
	EndGlobalSection
	GlobalSection(ProjectConfigurationPlatforms) = postSolution
		{574D0EF6-E79F-448E-BFB3-B323DD1E30C7}.Debug|Any CPU.ActiveCfg = Debug|Any CPU
		{574D0EF6-E79F-448E-BFB3-B323DD1E30C7}.Debug|Any CPU.Build.0 = Debug|Any CPU
		{574D0EF6-E79F-448E-BFB3-B323DD1E30C7}.Release|Any CPU.ActiveCfg = Release|Any CPU
		{574D0EF6-E79F-448E-BFB3-B323DD1E30C7}.Release|Any CPU.Build.0 = Release|Any CPU
		{AB5CDD15-9B40-4635-B97C-98B95D5BB31F}.Debug|Any CPU.ActiveCfg = Debug|Any CPU
		{AB5CDD15-9B40-4635-B97C-98B95D5BB31F}.Debug|Any CPU.Build.0 = Debug|Any CPU
		{AB5CDD15-9B40-4635-B97C-98B95D5BB31F}.Release|Any CPU.ActiveCfg = Release|Any CPU
		{AB5CDD15-9B40-4635-B97C-98B95D5BB31F}.Release|Any CPU.Build.0 = Release|Any CPU
		{CA25729A-1201-46B6-AEB8-62C9092AFA49}.Debug|Any CPU.ActiveCfg = Debug|Any CPU
		{CA25729A-1201-46B6-AEB8-62C9092AFA49}.Debug|Any CPU.Build.0 = Debug|Any CPU
		{CA25729A-1201-46B6-AEB8-62C9092AFA49}.Release|Any CPU.ActiveCfg = Release|Any CPU
		{CA25729A-1201-46B6-AEB8-62C9092AFA49}.Release|Any CPU.Build.0 = Release|Any CPU
		{D527C885-AD64-4499-9E92-F9A543C0D14B}.Debug|Any CPU.ActiveCfg = Debug|Any CPU
		{D527C885-AD64-4499-9E92-F9A543C0D14B}.Debug|Any CPU.Build.0 = Debug|Any CPU
		{D527C885-AD64-4499-9E92-F9A543C0D14B}.Release|Any CPU.ActiveCfg = Release|Any CPU
		{D527C885-AD64-4499-9E92-F9A543C0D14B}.Release|Any CPU.Build.0 = Release|Any CPU
		{413C9CA7-B970-4DEB-AD48-0095F05F24F1}.Debug|Any CPU.ActiveCfg = Debug|Any CPU
		{413C9CA7-B970-4DEB-AD48-0095F05F24F1}.Debug|Any CPU.Build.0 = Debug|Any CPU
		{413C9CA7-B970-4DEB-AD48-0095F05F24F1}.Release|Any CPU.ActiveCfg = Release|Any CPU
		{413C9CA7-B970-4DEB-AD48-0095F05F24F1}.Release|Any CPU.Build.0 = Release|Any CPU
		{63E968F8-628A-49B4-AA99-1DC4C542F264}.Debug|Any CPU.ActiveCfg = Debug|Any CPU
		{63E968F8-628A-49B4-AA99-1DC4C542F264}.Debug|Any CPU.Build.0 = Debug|Any CPU
		{63E968F8-628A-49B4-AA99-1DC4C542F264}.Release|Any CPU.ActiveCfg = Release|Any CPU
		{63E968F8-628A-49B4-AA99-1DC4C542F264}.Release|Any CPU.Build.0 = Release|Any CPU
		{45CAF477-88B7-4539-919E-0DF5AE2AF08A}.Debug|Any CPU.ActiveCfg = Debug|Any CPU
		{45CAF477-88B7-4539-919E-0DF5AE2AF08A}.Debug|Any CPU.Build.0 = Debug|Any CPU
		{45CAF477-88B7-4539-919E-0DF5AE2AF08A}.Release|Any CPU.ActiveCfg = Release|Any CPU
		{45CAF477-88B7-4539-919E-0DF5AE2AF08A}.Release|Any CPU.Build.0 = Release|Any CPU
		{AE171FDA-E664-4C11-9A46-853D654AE896}.Debug|Any CPU.ActiveCfg = Debug|Any CPU
		{AE171FDA-E664-4C11-9A46-853D654AE896}.Debug|Any CPU.Build.0 = Debug|Any CPU
		{AE171FDA-E664-4C11-9A46-853D654AE896}.Release|Any CPU.ActiveCfg = Release|Any CPU
		{AE171FDA-E664-4C11-9A46-853D654AE896}.Release|Any CPU.Build.0 = Release|Any CPU
		{1B69F24E-8C60-421D-B11B-5306ED7A060E}.Debug|Any CPU.ActiveCfg = Debug|Any CPU
		{1B69F24E-8C60-421D-B11B-5306ED7A060E}.Debug|Any CPU.Build.0 = Debug|Any CPU
		{1B69F24E-8C60-421D-B11B-5306ED7A060E}.Release|Any CPU.ActiveCfg = Release|Any CPU
		{1B69F24E-8C60-421D-B11B-5306ED7A060E}.Release|Any CPU.Build.0 = Release|Any CPU
		{1AEEF5FF-A54D-4682-8939-201650C868C0}.Debug|Any CPU.ActiveCfg = Debug|Any CPU
		{1AEEF5FF-A54D-4682-8939-201650C868C0}.Debug|Any CPU.Build.0 = Debug|Any CPU
		{1AEEF5FF-A54D-4682-8939-201650C868C0}.Release|Any CPU.ActiveCfg = Release|Any CPU
		{1AEEF5FF-A54D-4682-8939-201650C868C0}.Release|Any CPU.Build.0 = Release|Any CPU
		{E41F052F-3DF5-4F87-A2F2-D828F637F66C}.Debug|Any CPU.ActiveCfg = Debug|Any CPU
		{E41F052F-3DF5-4F87-A2F2-D828F637F66C}.Debug|Any CPU.Build.0 = Debug|Any CPU
		{E41F052F-3DF5-4F87-A2F2-D828F637F66C}.Release|Any CPU.ActiveCfg = Release|Any CPU
		{E41F052F-3DF5-4F87-A2F2-D828F637F66C}.Release|Any CPU.Build.0 = Release|Any CPU
		{DC34753D-B934-4376-843C-C4721C3507E9}.Debug|Any CPU.ActiveCfg = Debug|Any CPU
		{DC34753D-B934-4376-843C-C4721C3507E9}.Debug|Any CPU.Build.0 = Debug|Any CPU
		{DC34753D-B934-4376-843C-C4721C3507E9}.Release|Any CPU.ActiveCfg = Release|Any CPU
		{DC34753D-B934-4376-843C-C4721C3507E9}.Release|Any CPU.Build.0 = Release|Any CPU
		{28BE456B-7715-4824-AF6D-A9004EC33EA9}.Debug|Any CPU.ActiveCfg = Debug|Any CPU
		{28BE456B-7715-4824-AF6D-A9004EC33EA9}.Debug|Any CPU.Build.0 = Debug|Any CPU
		{28BE456B-7715-4824-AF6D-A9004EC33EA9}.Release|Any CPU.ActiveCfg = Release|Any CPU
		{28BE456B-7715-4824-AF6D-A9004EC33EA9}.Release|Any CPU.Build.0 = Release|Any CPU
		{DFD075FA-DEDC-4446-BA9D-78899E1DF8FC}.Debug|Any CPU.ActiveCfg = Debug|Any CPU
		{DFD075FA-DEDC-4446-BA9D-78899E1DF8FC}.Debug|Any CPU.Build.0 = Debug|Any CPU
		{DFD075FA-DEDC-4446-BA9D-78899E1DF8FC}.Release|Any CPU.ActiveCfg = Release|Any CPU
		{DFD075FA-DEDC-4446-BA9D-78899E1DF8FC}.Release|Any CPU.Build.0 = Release|Any CPU
	EndGlobalSection
	GlobalSection(SolutionProperties) = preSolution
		HideSolutionNode = FALSE
	EndGlobalSection
	GlobalSection(ExtensibilityGlobals) = postSolution
		SolutionGuid = {5EB08541-5168-443C-B524-A5CB7E7C613D}
	EndGlobalSection
EndGlobal
