
Microsoft Visual Studio Solution File, Format Version 12.00
# Visual Studio 15
VisualStudioVersion = 15.0.28307.1062
MinimumVisualStudioVersion = 10.0.40219.1
Project("{9A19103F-16F7-4668-BE54-9A1E7A4F7556}") = "CodeMinion.Core", "src\CodeMinion.Core\CodeMinion.Core.csproj", "{574D0EF6-E79F-448E-BFB3-B323DD1E30C7}"
EndProject
Project("{9A19103F-16F7-4668-BE54-9A1E7A4F7556}") = "CodeMinion.Parser", "src\CodeMinion.DocsParser\CodeMinion.Parser.csproj", "{63E968F8-628A-49B4-AA99-1DC4C542F264}"
EndProject
Project("{9A19103F-16F7-4668-BE54-9A1E7A4F7556}") = "Torch.UnitTest", "test\Torch.UnitTest\Torch.UnitTest.csproj", "{AE171FDA-E664-4C11-9A46-853D654AE896}"
EndProject
Project("{9A19103F-16F7-4668-BE54-9A1E7A4F7556}") = "Python.Included", "src\Python.Included\Python.Included.csproj", "{DC34753D-B934-4376-843C-C4721C3507E9}"
EndProject
Project("{9A19103F-16F7-4668-BE54-9A1E7A4F7556}") = "Torch", "src\Torch\Torch.csproj", "{B8DAC728-812C-4DC0-B09C-85764C4B112B}"
EndProject
Project("{9A19103F-16F7-4668-BE54-9A1E7A4F7556}") = "CodeMinion.ApiGenerator", "src\CodeMinion.ApiGenerator\CodeMinion.ApiGenerator.csproj", "{BD03F510-ED39-4B7A-A388-C497F4396699}"
EndProject
Project("{9A19103F-16F7-4668-BE54-9A1E7A4F7556}") = "Python.Runtime", "..\pythonnet\src\runtime\Python.Runtime.csproj", "{470644AA-5EB2-4BC4-8312-0701C6F30D9C}"
EndProject
Project("{9A19103F-16F7-4668-BE54-9A1E7A4F7556}") = "MxNet", "src\MxNet\MxNet.csproj", "{17DEC444-4E86-482A-9F0C-936F30661D89}"
EndProject
Global
	GlobalSection(SolutionConfigurationPlatforms) = preSolution
		Debug|Any CPU = Debug|Any CPU
		DebugMono|Any CPU = DebugMono|Any CPU
		DebugMonoPY3|Any CPU = DebugMonoPY3|Any CPU
		DebugWin|Any CPU = DebugWin|Any CPU
		DebugWinPY3|Any CPU = DebugWinPY3|Any CPU
		Release|Any CPU = Release|Any CPU
		ReleaseMono|Any CPU = ReleaseMono|Any CPU
		ReleaseMonoPY3|Any CPU = ReleaseMonoPY3|Any CPU
		ReleaseWin|Any CPU = ReleaseWin|Any CPU
		ReleaseWinPY3|Any CPU = ReleaseWinPY3|Any CPU
	EndGlobalSection
	GlobalSection(ProjectConfigurationPlatforms) = postSolution
		{574D0EF6-E79F-448E-BFB3-B323DD1E30C7}.Debug|Any CPU.ActiveCfg = Debug|Any CPU
		{574D0EF6-E79F-448E-BFB3-B323DD1E30C7}.Debug|Any CPU.Build.0 = Debug|Any CPU
		{574D0EF6-E79F-448E-BFB3-B323DD1E30C7}.DebugMono|Any CPU.ActiveCfg = Debug|Any CPU
		{574D0EF6-E79F-448E-BFB3-B323DD1E30C7}.DebugMono|Any CPU.Build.0 = Debug|Any CPU
		{574D0EF6-E79F-448E-BFB3-B323DD1E30C7}.DebugMonoPY3|Any CPU.ActiveCfg = Debug|Any CPU
		{574D0EF6-E79F-448E-BFB3-B323DD1E30C7}.DebugMonoPY3|Any CPU.Build.0 = Debug|Any CPU
		{574D0EF6-E79F-448E-BFB3-B323DD1E30C7}.DebugWin|Any CPU.ActiveCfg = Debug|Any CPU
		{574D0EF6-E79F-448E-BFB3-B323DD1E30C7}.DebugWin|Any CPU.Build.0 = Debug|Any CPU
		{574D0EF6-E79F-448E-BFB3-B323DD1E30C7}.DebugWinPY3|Any CPU.ActiveCfg = Debug|Any CPU
		{574D0EF6-E79F-448E-BFB3-B323DD1E30C7}.DebugWinPY3|Any CPU.Build.0 = Debug|Any CPU
		{574D0EF6-E79F-448E-BFB3-B323DD1E30C7}.Release|Any CPU.ActiveCfg = Release|Any CPU
		{574D0EF6-E79F-448E-BFB3-B323DD1E30C7}.Release|Any CPU.Build.0 = Release|Any CPU
		{574D0EF6-E79F-448E-BFB3-B323DD1E30C7}.ReleaseMono|Any CPU.ActiveCfg = Release|Any CPU
		{574D0EF6-E79F-448E-BFB3-B323DD1E30C7}.ReleaseMono|Any CPU.Build.0 = Release|Any CPU
		{574D0EF6-E79F-448E-BFB3-B323DD1E30C7}.ReleaseMonoPY3|Any CPU.ActiveCfg = Release|Any CPU
		{574D0EF6-E79F-448E-BFB3-B323DD1E30C7}.ReleaseMonoPY3|Any CPU.Build.0 = Release|Any CPU
		{574D0EF6-E79F-448E-BFB3-B323DD1E30C7}.ReleaseWin|Any CPU.ActiveCfg = Release|Any CPU
		{574D0EF6-E79F-448E-BFB3-B323DD1E30C7}.ReleaseWin|Any CPU.Build.0 = Release|Any CPU
		{574D0EF6-E79F-448E-BFB3-B323DD1E30C7}.ReleaseWinPY3|Any CPU.ActiveCfg = Release|Any CPU
		{574D0EF6-E79F-448E-BFB3-B323DD1E30C7}.ReleaseWinPY3|Any CPU.Build.0 = Release|Any CPU
		{63E968F8-628A-49B4-AA99-1DC4C542F264}.Debug|Any CPU.ActiveCfg = Debug|Any CPU
		{63E968F8-628A-49B4-AA99-1DC4C542F264}.Debug|Any CPU.Build.0 = Debug|Any CPU
		{63E968F8-628A-49B4-AA99-1DC4C542F264}.DebugMono|Any CPU.ActiveCfg = Debug|Any CPU
		{63E968F8-628A-49B4-AA99-1DC4C542F264}.DebugMono|Any CPU.Build.0 = Debug|Any CPU
		{63E968F8-628A-49B4-AA99-1DC4C542F264}.DebugMonoPY3|Any CPU.ActiveCfg = Debug|Any CPU
		{63E968F8-628A-49B4-AA99-1DC4C542F264}.DebugMonoPY3|Any CPU.Build.0 = Debug|Any CPU
		{63E968F8-628A-49B4-AA99-1DC4C542F264}.DebugWin|Any CPU.ActiveCfg = Debug|Any CPU
		{63E968F8-628A-49B4-AA99-1DC4C542F264}.DebugWin|Any CPU.Build.0 = Debug|Any CPU
		{63E968F8-628A-49B4-AA99-1DC4C542F264}.DebugWinPY3|Any CPU.ActiveCfg = Debug|Any CPU
		{63E968F8-628A-49B4-AA99-1DC4C542F264}.DebugWinPY3|Any CPU.Build.0 = Debug|Any CPU
		{63E968F8-628A-49B4-AA99-1DC4C542F264}.Release|Any CPU.ActiveCfg = Release|Any CPU
		{63E968F8-628A-49B4-AA99-1DC4C542F264}.Release|Any CPU.Build.0 = Release|Any CPU
		{63E968F8-628A-49B4-AA99-1DC4C542F264}.ReleaseMono|Any CPU.ActiveCfg = Release|Any CPU
		{63E968F8-628A-49B4-AA99-1DC4C542F264}.ReleaseMono|Any CPU.Build.0 = Release|Any CPU
		{63E968F8-628A-49B4-AA99-1DC4C542F264}.ReleaseMonoPY3|Any CPU.ActiveCfg = Release|Any CPU
		{63E968F8-628A-49B4-AA99-1DC4C542F264}.ReleaseMonoPY3|Any CPU.Build.0 = Release|Any CPU
		{63E968F8-628A-49B4-AA99-1DC4C542F264}.ReleaseWin|Any CPU.ActiveCfg = Release|Any CPU
		{63E968F8-628A-49B4-AA99-1DC4C542F264}.ReleaseWin|Any CPU.Build.0 = Release|Any CPU
		{63E968F8-628A-49B4-AA99-1DC4C542F264}.ReleaseWinPY3|Any CPU.ActiveCfg = Release|Any CPU
		{63E968F8-628A-49B4-AA99-1DC4C542F264}.ReleaseWinPY3|Any CPU.Build.0 = Release|Any CPU
		{AE171FDA-E664-4C11-9A46-853D654AE896}.Debug|Any CPU.ActiveCfg = Debug|Any CPU
		{AE171FDA-E664-4C11-9A46-853D654AE896}.Debug|Any CPU.Build.0 = Debug|Any CPU
		{AE171FDA-E664-4C11-9A46-853D654AE896}.DebugMono|Any CPU.ActiveCfg = Debug|Any CPU
		{AE171FDA-E664-4C11-9A46-853D654AE896}.DebugMono|Any CPU.Build.0 = Debug|Any CPU
		{AE171FDA-E664-4C11-9A46-853D654AE896}.DebugMonoPY3|Any CPU.ActiveCfg = Debug|Any CPU
		{AE171FDA-E664-4C11-9A46-853D654AE896}.DebugMonoPY3|Any CPU.Build.0 = Debug|Any CPU
		{AE171FDA-E664-4C11-9A46-853D654AE896}.DebugWin|Any CPU.ActiveCfg = Debug|Any CPU
		{AE171FDA-E664-4C11-9A46-853D654AE896}.DebugWin|Any CPU.Build.0 = Debug|Any CPU
		{AE171FDA-E664-4C11-9A46-853D654AE896}.DebugWinPY3|Any CPU.ActiveCfg = Debug|Any CPU
		{AE171FDA-E664-4C11-9A46-853D654AE896}.DebugWinPY3|Any CPU.Build.0 = Debug|Any CPU
		{AE171FDA-E664-4C11-9A46-853D654AE896}.Release|Any CPU.ActiveCfg = Release|Any CPU
		{AE171FDA-E664-4C11-9A46-853D654AE896}.Release|Any CPU.Build.0 = Release|Any CPU
		{AE171FDA-E664-4C11-9A46-853D654AE896}.ReleaseMono|Any CPU.ActiveCfg = Release|Any CPU
		{AE171FDA-E664-4C11-9A46-853D654AE896}.ReleaseMono|Any CPU.Build.0 = Release|Any CPU
		{AE171FDA-E664-4C11-9A46-853D654AE896}.ReleaseMonoPY3|Any CPU.ActiveCfg = Release|Any CPU
		{AE171FDA-E664-4C11-9A46-853D654AE896}.ReleaseMonoPY3|Any CPU.Build.0 = Release|Any CPU
		{AE171FDA-E664-4C11-9A46-853D654AE896}.ReleaseWin|Any CPU.ActiveCfg = Release|Any CPU
		{AE171FDA-E664-4C11-9A46-853D654AE896}.ReleaseWin|Any CPU.Build.0 = Release|Any CPU
		{AE171FDA-E664-4C11-9A46-853D654AE896}.ReleaseWinPY3|Any CPU.ActiveCfg = Release|Any CPU
		{AE171FDA-E664-4C11-9A46-853D654AE896}.ReleaseWinPY3|Any CPU.Build.0 = Release|Any CPU
		{DC34753D-B934-4376-843C-C4721C3507E9}.Debug|Any CPU.ActiveCfg = Debug|Any CPU
		{DC34753D-B934-4376-843C-C4721C3507E9}.Debug|Any CPU.Build.0 = Debug|Any CPU
		{DC34753D-B934-4376-843C-C4721C3507E9}.DebugMono|Any CPU.ActiveCfg = Debug|Any CPU
		{DC34753D-B934-4376-843C-C4721C3507E9}.DebugMono|Any CPU.Build.0 = Debug|Any CPU
		{DC34753D-B934-4376-843C-C4721C3507E9}.DebugMonoPY3|Any CPU.ActiveCfg = Debug|Any CPU
		{DC34753D-B934-4376-843C-C4721C3507E9}.DebugMonoPY3|Any CPU.Build.0 = Debug|Any CPU
		{DC34753D-B934-4376-843C-C4721C3507E9}.DebugWin|Any CPU.ActiveCfg = Debug|Any CPU
		{DC34753D-B934-4376-843C-C4721C3507E9}.DebugWin|Any CPU.Build.0 = Debug|Any CPU
		{DC34753D-B934-4376-843C-C4721C3507E9}.DebugWinPY3|Any CPU.ActiveCfg = Debug|Any CPU
		{DC34753D-B934-4376-843C-C4721C3507E9}.DebugWinPY3|Any CPU.Build.0 = Debug|Any CPU
		{DC34753D-B934-4376-843C-C4721C3507E9}.Release|Any CPU.ActiveCfg = Release|Any CPU
		{DC34753D-B934-4376-843C-C4721C3507E9}.Release|Any CPU.Build.0 = Release|Any CPU
		{DC34753D-B934-4376-843C-C4721C3507E9}.ReleaseMono|Any CPU.ActiveCfg = Release|Any CPU
		{DC34753D-B934-4376-843C-C4721C3507E9}.ReleaseMono|Any CPU.Build.0 = Release|Any CPU
		{DC34753D-B934-4376-843C-C4721C3507E9}.ReleaseMonoPY3|Any CPU.ActiveCfg = Release|Any CPU
		{DC34753D-B934-4376-843C-C4721C3507E9}.ReleaseMonoPY3|Any CPU.Build.0 = Release|Any CPU
		{DC34753D-B934-4376-843C-C4721C3507E9}.ReleaseWin|Any CPU.ActiveCfg = Release|Any CPU
		{DC34753D-B934-4376-843C-C4721C3507E9}.ReleaseWin|Any CPU.Build.0 = Release|Any CPU
		{DC34753D-B934-4376-843C-C4721C3507E9}.ReleaseWinPY3|Any CPU.ActiveCfg = Release|Any CPU
		{DC34753D-B934-4376-843C-C4721C3507E9}.ReleaseWinPY3|Any CPU.Build.0 = Release|Any CPU
		{B8DAC728-812C-4DC0-B09C-85764C4B112B}.Debug|Any CPU.ActiveCfg = Debug|Any CPU
		{B8DAC728-812C-4DC0-B09C-85764C4B112B}.Debug|Any CPU.Build.0 = Debug|Any CPU
		{B8DAC728-812C-4DC0-B09C-85764C4B112B}.DebugMono|Any CPU.ActiveCfg = Debug|Any CPU
		{B8DAC728-812C-4DC0-B09C-85764C4B112B}.DebugMono|Any CPU.Build.0 = Debug|Any CPU
		{B8DAC728-812C-4DC0-B09C-85764C4B112B}.DebugMonoPY3|Any CPU.ActiveCfg = Debug|Any CPU
		{B8DAC728-812C-4DC0-B09C-85764C4B112B}.DebugMonoPY3|Any CPU.Build.0 = Debug|Any CPU
		{B8DAC728-812C-4DC0-B09C-85764C4B112B}.DebugWin|Any CPU.ActiveCfg = Debug|Any CPU
		{B8DAC728-812C-4DC0-B09C-85764C4B112B}.DebugWin|Any CPU.Build.0 = Debug|Any CPU
		{B8DAC728-812C-4DC0-B09C-85764C4B112B}.DebugWinPY3|Any CPU.ActiveCfg = Debug|Any CPU
		{B8DAC728-812C-4DC0-B09C-85764C4B112B}.DebugWinPY3|Any CPU.Build.0 = Debug|Any CPU
		{B8DAC728-812C-4DC0-B09C-85764C4B112B}.Release|Any CPU.ActiveCfg = Release|Any CPU
		{B8DAC728-812C-4DC0-B09C-85764C4B112B}.Release|Any CPU.Build.0 = Release|Any CPU
		{B8DAC728-812C-4DC0-B09C-85764C4B112B}.ReleaseMono|Any CPU.ActiveCfg = Release|Any CPU
		{B8DAC728-812C-4DC0-B09C-85764C4B112B}.ReleaseMono|Any CPU.Build.0 = Release|Any CPU
		{B8DAC728-812C-4DC0-B09C-85764C4B112B}.ReleaseMonoPY3|Any CPU.ActiveCfg = Release|Any CPU
		{B8DAC728-812C-4DC0-B09C-85764C4B112B}.ReleaseMonoPY3|Any CPU.Build.0 = Release|Any CPU
		{B8DAC728-812C-4DC0-B09C-85764C4B112B}.ReleaseWin|Any CPU.ActiveCfg = Release|Any CPU
		{B8DAC728-812C-4DC0-B09C-85764C4B112B}.ReleaseWin|Any CPU.Build.0 = Release|Any CPU
		{B8DAC728-812C-4DC0-B09C-85764C4B112B}.ReleaseWinPY3|Any CPU.ActiveCfg = Release|Any CPU
		{B8DAC728-812C-4DC0-B09C-85764C4B112B}.ReleaseWinPY3|Any CPU.Build.0 = Release|Any CPU
		{BD03F510-ED39-4B7A-A388-C497F4396699}.Debug|Any CPU.ActiveCfg = Debug|Any CPU
		{BD03F510-ED39-4B7A-A388-C497F4396699}.Debug|Any CPU.Build.0 = Debug|Any CPU
		{BD03F510-ED39-4B7A-A388-C497F4396699}.DebugMono|Any CPU.ActiveCfg = Debug|Any CPU
		{BD03F510-ED39-4B7A-A388-C497F4396699}.DebugMono|Any CPU.Build.0 = Debug|Any CPU
		{BD03F510-ED39-4B7A-A388-C497F4396699}.DebugMonoPY3|Any CPU.ActiveCfg = Debug|Any CPU
		{BD03F510-ED39-4B7A-A388-C497F4396699}.DebugMonoPY3|Any CPU.Build.0 = Debug|Any CPU
		{BD03F510-ED39-4B7A-A388-C497F4396699}.DebugWin|Any CPU.ActiveCfg = Debug|Any CPU
		{BD03F510-ED39-4B7A-A388-C497F4396699}.DebugWin|Any CPU.Build.0 = Debug|Any CPU
		{BD03F510-ED39-4B7A-A388-C497F4396699}.DebugWinPY3|Any CPU.ActiveCfg = Debug|Any CPU
		{BD03F510-ED39-4B7A-A388-C497F4396699}.DebugWinPY3|Any CPU.Build.0 = Debug|Any CPU
		{BD03F510-ED39-4B7A-A388-C497F4396699}.Release|Any CPU.ActiveCfg = Release|Any CPU
		{BD03F510-ED39-4B7A-A388-C497F4396699}.Release|Any CPU.Build.0 = Release|Any CPU
		{BD03F510-ED39-4B7A-A388-C497F4396699}.ReleaseMono|Any CPU.ActiveCfg = Release|Any CPU
		{BD03F510-ED39-4B7A-A388-C497F4396699}.ReleaseMono|Any CPU.Build.0 = Release|Any CPU
		{BD03F510-ED39-4B7A-A388-C497F4396699}.ReleaseMonoPY3|Any CPU.ActiveCfg = Release|Any CPU
		{BD03F510-ED39-4B7A-A388-C497F4396699}.ReleaseMonoPY3|Any CPU.Build.0 = Release|Any CPU
		{BD03F510-ED39-4B7A-A388-C497F4396699}.ReleaseWin|Any CPU.ActiveCfg = Release|Any CPU
		{BD03F510-ED39-4B7A-A388-C497F4396699}.ReleaseWin|Any CPU.Build.0 = Release|Any CPU
		{BD03F510-ED39-4B7A-A388-C497F4396699}.ReleaseWinPY3|Any CPU.ActiveCfg = Release|Any CPU
		{BD03F510-ED39-4B7A-A388-C497F4396699}.ReleaseWinPY3|Any CPU.Build.0 = Release|Any CPU
		{470644AA-5EB2-4BC4-8312-0701C6F30D9C}.Debug|Any CPU.ActiveCfg = Debug|Any CPU
		{470644AA-5EB2-4BC4-8312-0701C6F30D9C}.Debug|Any CPU.Build.0 = Debug|Any CPU
		{470644AA-5EB2-4BC4-8312-0701C6F30D9C}.DebugMono|Any CPU.ActiveCfg = Debug|Any CPU
		{470644AA-5EB2-4BC4-8312-0701C6F30D9C}.DebugMono|Any CPU.Build.0 = Debug|Any CPU
		{470644AA-5EB2-4BC4-8312-0701C6F30D9C}.DebugMonoPY3|Any CPU.ActiveCfg = Debug|Any CPU
		{470644AA-5EB2-4BC4-8312-0701C6F30D9C}.DebugMonoPY3|Any CPU.Build.0 = Debug|Any CPU
		{470644AA-5EB2-4BC4-8312-0701C6F30D9C}.DebugWin|Any CPU.ActiveCfg = Debug|Any CPU
		{470644AA-5EB2-4BC4-8312-0701C6F30D9C}.DebugWin|Any CPU.Build.0 = Debug|Any CPU
		{470644AA-5EB2-4BC4-8312-0701C6F30D9C}.DebugWinPY3|Any CPU.ActiveCfg = Debug|Any CPU
		{470644AA-5EB2-4BC4-8312-0701C6F30D9C}.DebugWinPY3|Any CPU.Build.0 = Debug|Any CPU
		{470644AA-5EB2-4BC4-8312-0701C6F30D9C}.Release|Any CPU.ActiveCfg = Release|Any CPU
		{470644AA-5EB2-4BC4-8312-0701C6F30D9C}.Release|Any CPU.Build.0 = Release|Any CPU
		{470644AA-5EB2-4BC4-8312-0701C6F30D9C}.ReleaseMono|Any CPU.ActiveCfg = Release|Any CPU
		{470644AA-5EB2-4BC4-8312-0701C6F30D9C}.ReleaseMono|Any CPU.Build.0 = Release|Any CPU
		{470644AA-5EB2-4BC4-8312-0701C6F30D9C}.ReleaseMonoPY3|Any CPU.ActiveCfg = Release|Any CPU
		{470644AA-5EB2-4BC4-8312-0701C6F30D9C}.ReleaseMonoPY3|Any CPU.Build.0 = Release|Any CPU
		{470644AA-5EB2-4BC4-8312-0701C6F30D9C}.ReleaseWin|Any CPU.ActiveCfg = Release|Any CPU
		{470644AA-5EB2-4BC4-8312-0701C6F30D9C}.ReleaseWin|Any CPU.Build.0 = Release|Any CPU
		{470644AA-5EB2-4BC4-8312-0701C6F30D9C}.ReleaseWinPY3|Any CPU.ActiveCfg = Release|Any CPU
		{470644AA-5EB2-4BC4-8312-0701C6F30D9C}.ReleaseWinPY3|Any CPU.Build.0 = Release|Any CPU
		{17DEC444-4E86-482A-9F0C-936F30661D89}.Debug|Any CPU.ActiveCfg = Debug|Any CPU
		{17DEC444-4E86-482A-9F0C-936F30661D89}.DebugMono|Any CPU.ActiveCfg = Debug|Any CPU
		{17DEC444-4E86-482A-9F0C-936F30661D89}.DebugMono|Any CPU.Build.0 = Debug|Any CPU
		{17DEC444-4E86-482A-9F0C-936F30661D89}.DebugMonoPY3|Any CPU.ActiveCfg = Debug|Any CPU
		{17DEC444-4E86-482A-9F0C-936F30661D89}.DebugMonoPY3|Any CPU.Build.0 = Debug|Any CPU
		{17DEC444-4E86-482A-9F0C-936F30661D89}.DebugWin|Any CPU.ActiveCfg = Debug|Any CPU
		{17DEC444-4E86-482A-9F0C-936F30661D89}.DebugWin|Any CPU.Build.0 = Debug|Any CPU
		{17DEC444-4E86-482A-9F0C-936F30661D89}.DebugWinPY3|Any CPU.ActiveCfg = Debug|Any CPU
		{17DEC444-4E86-482A-9F0C-936F30661D89}.DebugWinPY3|Any CPU.Build.0 = Debug|Any CPU
		{17DEC444-4E86-482A-9F0C-936F30661D89}.Release|Any CPU.ActiveCfg = Release|Any CPU
		{17DEC444-4E86-482A-9F0C-936F30661D89}.Release|Any CPU.Build.0 = Release|Any CPU
		{17DEC444-4E86-482A-9F0C-936F30661D89}.ReleaseMono|Any CPU.ActiveCfg = Release|Any CPU
		{17DEC444-4E86-482A-9F0C-936F30661D89}.ReleaseMono|Any CPU.Build.0 = Release|Any CPU
		{17DEC444-4E86-482A-9F0C-936F30661D89}.ReleaseMonoPY3|Any CPU.ActiveCfg = Release|Any CPU
		{17DEC444-4E86-482A-9F0C-936F30661D89}.ReleaseMonoPY3|Any CPU.Build.0 = Release|Any CPU
		{17DEC444-4E86-482A-9F0C-936F30661D89}.ReleaseWin|Any CPU.ActiveCfg = Release|Any CPU
		{17DEC444-4E86-482A-9F0C-936F30661D89}.ReleaseWin|Any CPU.Build.0 = Release|Any CPU
		{17DEC444-4E86-482A-9F0C-936F30661D89}.ReleaseWinPY3|Any CPU.ActiveCfg = Release|Any CPU
		{17DEC444-4E86-482A-9F0C-936F30661D89}.ReleaseWinPY3|Any CPU.Build.0 = Release|Any CPU
	EndGlobalSection
	GlobalSection(SolutionProperties) = preSolution
		HideSolutionNode = FALSE
	EndGlobalSection
	GlobalSection(ExtensibilityGlobals) = postSolution
		SolutionGuid = {5EB08541-5168-443C-B524-A5CB7E7C613D}
	EndGlobalSection
EndGlobal
