
Microsoft Visual Studio Solution File, Format Version 12.00
# Visual Studio 15
VisualStudioVersion = 15.0.28307.438
MinimumVisualStudioVersion = 10.0.40219.1
Project("{FAE04EC0-301F-11D3-BF4B-00C04F79EFBC}") = "Regen.Core", "src\Regen.Core\Regen.Core.csproj", "{9F431023-745F-4671-91E3-69FE7582F01F}"
EndProject
Project("{FAE04EC0-301F-11D3-BF4B-00C04F79EFBC}") = "Regen.Core.UnitTest", "test\Regen.Core.UnitTest\Regen.Core.UnitTest.csproj", "{B17D3A57-4BE9-4DAF-B5A0-309CC1766A91}"
EndProject
Project("{FAE04EC0-301F-11D3-BF4B-00C04F79EFBC}") = "Regen.Package", "src\Regen.Package\Regen.Package.csproj", "{226FD7FC-99AC-498B-990F-8DECF9F30733}"
EndProject
Project("{FAE04EC0-301F-11D3-BF4B-00C04F79EFBC}") = "Regen.Flee", "src\Regen.Flee\Regen.Flee.csproj", "{658C0ED4-404A-48EC-96FF-D22C3C12AC39}"
EndProject
Project("{FAE04EC0-301F-11D3-BF4B-00C04F79EFBC}") = "RegenApp", "test\Regen.App\RegenApp.csproj", "{16026704-A3AF-491C-9926-8E271A89761B}"
EndProject
Global
	GlobalSection(SolutionConfigurationPlatforms) = preSolution
		Debug|Any CPU = Debug|Any CPU
		Debug|x64 = Debug|x64
		Release|Any CPU = Release|Any CPU
		Release|x64 = Release|x64
	EndGlobalSection
	GlobalSection(ProjectConfigurationPlatforms) = postSolution
		{9F431023-745F-4671-91E3-69FE7582F01F}.Debug|Any CPU.ActiveCfg = Debug|Any CPU
		{9F431023-745F-4671-91E3-69FE7582F01F}.Debug|Any CPU.Build.0 = Debug|Any CPU
		{9F431023-745F-4671-91E3-69FE7582F01F}.Debug|x64.ActiveCfg = Debug|x64
		{9F431023-745F-4671-91E3-69FE7582F01F}.Debug|x64.Build.0 = Debug|x64
		{9F431023-745F-4671-91E3-69FE7582F01F}.Release|Any CPU.ActiveCfg = Release|Any CPU
		{9F431023-745F-4671-91E3-69FE7582F01F}.Release|Any CPU.Build.0 = Release|Any CPU
		{9F431023-745F-4671-91E3-69FE7582F01F}.Release|x64.ActiveCfg = Release|x64
		{9F431023-745F-4671-91E3-69FE7582F01F}.Release|x64.Build.0 = Release|x64
		{B17D3A57-4BE9-4DAF-B5A0-309CC1766A91}.Debug|Any CPU.ActiveCfg = Debug|Any CPU
		{B17D3A57-4BE9-4DAF-B5A0-309CC1766A91}.Debug|Any CPU.Build.0 = Debug|Any CPU
		{B17D3A57-4BE9-4DAF-B5A0-309CC1766A91}.Debug|x64.ActiveCfg = Debug|x64
		{B17D3A57-4BE9-4DAF-B5A0-309CC1766A91}.Debug|x64.Build.0 = Debug|x64
		{B17D3A57-4BE9-4DAF-B5A0-309CC1766A91}.Release|Any CPU.ActiveCfg = Release|Any CPU
		{B17D3A57-4BE9-4DAF-B5A0-309CC1766A91}.Release|Any CPU.Build.0 = Release|Any CPU
		{B17D3A57-4BE9-4DAF-B5A0-309CC1766A91}.Release|x64.ActiveCfg = Release|x64
		{B17D3A57-4BE9-4DAF-B5A0-309CC1766A91}.Release|x64.Build.0 = Release|x64
		{226FD7FC-99AC-498B-990F-8DECF9F30733}.Debug|Any CPU.ActiveCfg = Debug|Any CPU
		{226FD7FC-99AC-498B-990F-8DECF9F30733}.Debug|Any CPU.Build.0 = Debug|Any CPU
		{226FD7FC-99AC-498B-990F-8DECF9F30733}.Debug|x64.ActiveCfg = Debug|x64
		{226FD7FC-99AC-498B-990F-8DECF9F30733}.Debug|x64.Build.0 = Debug|x64
		{226FD7FC-99AC-498B-990F-8DECF9F30733}.Release|Any CPU.ActiveCfg = Release|Any CPU
		{226FD7FC-99AC-498B-990F-8DECF9F30733}.Release|Any CPU.Build.0 = Release|Any CPU
		{226FD7FC-99AC-498B-990F-8DECF9F30733}.Release|x64.ActiveCfg = Release|x64
		{226FD7FC-99AC-498B-990F-8DECF9F30733}.Release|x64.Build.0 = Release|x64
		{658C0ED4-404A-48EC-96FF-D22C3C12AC39}.Debug|Any CPU.ActiveCfg = Debug|Any CPU
		{658C0ED4-404A-48EC-96FF-D22C3C12AC39}.Debug|Any CPU.Build.0 = Debug|Any CPU
		{658C0ED4-404A-48EC-96FF-D22C3C12AC39}.Debug|x64.ActiveCfg = Debug|x64
		{658C0ED4-404A-48EC-96FF-D22C3C12AC39}.Debug|x64.Build.0 = Debug|x64
		{658C0ED4-404A-48EC-96FF-D22C3C12AC39}.Release|Any CPU.ActiveCfg = Release|Any CPU
		{658C0ED4-404A-48EC-96FF-D22C3C12AC39}.Release|Any CPU.Build.0 = Release|Any CPU
		{658C0ED4-404A-48EC-96FF-D22C3C12AC39}.Release|x64.ActiveCfg = Release|x64
		{658C0ED4-404A-48EC-96FF-D22C3C12AC39}.Release|x64.Build.0 = Release|x64
		{16026704-A3AF-491C-9926-8E271A89761B}.Debug|Any CPU.ActiveCfg = Debug|Any CPU
		{16026704-A3AF-491C-9926-8E271A89761B}.Debug|Any CPU.Build.0 = Debug|Any CPU
		{16026704-A3AF-491C-9926-8E271A89761B}.Debug|x64.ActiveCfg = Debug|x64
		{16026704-A3AF-491C-9926-8E271A89761B}.Debug|x64.Build.0 = Debug|x64
		{16026704-A3AF-491C-9926-8E271A89761B}.Release|Any CPU.ActiveCfg = Release|Any CPU
		{16026704-A3AF-491C-9926-8E271A89761B}.Release|Any CPU.Build.0 = Release|Any CPU
		{16026704-A3AF-491C-9926-8E271A89761B}.Release|x64.ActiveCfg = Release|x64
		{16026704-A3AF-491C-9926-8E271A89761B}.Release|x64.Build.0 = Release|x64
	EndGlobalSection
	GlobalSection(SolutionProperties) = preSolution
		HideSolutionNode = FALSE
	EndGlobalSection
	GlobalSection(ExtensibilityGlobals) = postSolution
		SolutionGuid = {CAF0387C-4882-4A23-B366-58CA9CBB95D7}
	EndGlobalSection
EndGlobal
